// !$*UTF8*$!
{
	archiveVersion = 1;
	classes = {
	};
	objectVersion = 56;
	objects = {

/* Begin PBXBuildFile section */
		382262E62CC7F42C0028C6C1 /* BottomButtonView.swift in Sources */ = {isa = PBXBuildFile; fileRef = 382262E52CC7F42C0028C6C1 /* BottomButtonView.swift */; };
		382262E92CC7FD0B0028C6C1 /* CheckupMotion.gif in Resources */ = {isa = PBXBuildFile; fileRef = 382262E72CC7FD0B0028C6C1 /* CheckupMotion.gif */; };
		382262EA2CC7FD0B0028C6C1 /* HospitalMotion.gif in Resources */ = {isa = PBXBuildFile; fileRef = 382262E82CC7FD0B0028C6C1 /* HospitalMotion.gif */; };
		382262ED2CC80E080028C6C1 /* MainMotion2.gif in Resources */ = {isa = PBXBuildFile; fileRef = 382262EB2CC80E080028C6C1 /* MainMotion2.gif */; };
		382262EE2CC80E080028C6C1 /* MainMotion1.gif in Resources */ = {isa = PBXBuildFile; fileRef = 382262EC2CC80E080028C6C1 /* MainMotion1.gif */; };
		382262F12CC818740028C6C1 /* PromiseView.swift in Sources */ = {isa = PBXBuildFile; fileRef = 382262F02CC818740028C6C1 /* PromiseView.swift */; };
		382262F32CC823870028C6C1 /* Function.swift in Sources */ = {isa = PBXBuildFile; fileRef = 382262F22CC823870028C6C1 /* Function.swift */; };
		382262F52CC833600028C6C1 /* AnimatedGifView.swift in Sources */ = {isa = PBXBuildFile; fileRef = 382262F42CC833600028C6C1 /* AnimatedGifView.swift */; };
		382262F72CC837ED0028C6C1 /* FoodMotion.gif in Resources */ = {isa = PBXBuildFile; fileRef = 382262F62CC837ED0028C6C1 /* FoodMotion.gif */; };
		382262F92CC84D850028C6C1 /* EndingPopupView.swift in Sources */ = {isa = PBXBuildFile; fileRef = 382262F82CC84D850028C6C1 /* EndingPopupView.swift */; };
		382262FB2CC8E59E0028C6C1 /* WalkMotion.gif in Resources */ = {isa = PBXBuildFile; fileRef = 382262FA2CC8E59E0028C6C1 /* WalkMotion.gif */; };
		382262FD2CC9911C0028C6C1 /* IdentityCardView.swift in Sources */ = {isa = PBXBuildFile; fileRef = 382262FC2CC9911C0028C6C1 /* IdentityCardView.swift */; };
		382262FF2CC999C00028C6C1 /* MedicalCardView.swift in Sources */ = {isa = PBXBuildFile; fileRef = 382262FE2CC999C00028C6C1 /* MedicalCardView.swift */; };
		38AFC4142CBD0C0700D9414E /* DaengDaengWeekApp.swift in Sources */ = {isa = PBXBuildFile; fileRef = 38AFC4132CBD0C0700D9414E /* DaengDaengWeekApp.swift */; };
		38AFC4162CBD0C0700D9414E /* ContentView.swift in Sources */ = {isa = PBXBuildFile; fileRef = 38AFC4152CBD0C0700D9414E /* ContentView.swift */; };
		38AFC4182CBD0C0800D9414E /* Assets.xcassets in Resources */ = {isa = PBXBuildFile; fileRef = 38AFC4172CBD0C0800D9414E /* Assets.xcassets */; };
		38AFC41B2CBD0C0800D9414E /* Preview Assets.xcassets in Resources */ = {isa = PBXBuildFile; fileRef = 38AFC41A2CBD0C0800D9414E /* Preview Assets.xcassets */; };
		38AFC4242CBD98E500D9414E /* StartView.swift in Sources */ = {isa = PBXBuildFile; fileRef = 38AFC4232CBD98E500D9414E /* StartView.swift */; };
		38AFC4272CBD9C3F00D9414E /* Font.swift in Sources */ = {isa = PBXBuildFile; fileRef = 38AFC4262CBD9C3F00D9414E /* Font.swift */; };
		38AFC4292CBD9CF500D9414E /* SettingView.swift in Sources */ = {isa = PBXBuildFile; fileRef = 38AFC4282CBD9CF500D9414E /* SettingView.swift */; };
		38AFC42B2CBD9D0200D9414E /* MainView.swift in Sources */ = {isa = PBXBuildFile; fileRef = 38AFC42A2CBD9D0200D9414E /* MainView.swift */; };
		38AFC42D2CBD9D0D00D9414E /* WalkView.swift in Sources */ = {isa = PBXBuildFile; fileRef = 38AFC42C2CBD9D0D00D9414E /* WalkView.swift */; };
		38AFC42F2CBD9D1500D9414E /* HospitalView.swift in Sources */ = {isa = PBXBuildFile; fileRef = 38AFC42E2CBD9D1500D9414E /* HospitalView.swift */; };
		38AFC4312CBD9D1E00D9414E /* EndingView.swift in Sources */ = {isa = PBXBuildFile; fileRef = 38AFC4302CBD9D1E00D9414E /* EndingView.swift */; };
		38AFC4382CBD9EE300D9414E /* EF_Rainyday-L(otf).otf in Resources */ = {isa = PBXBuildFile; fileRef = 38AFC4352CBD9EE300D9414E /* EF_Rainyday-L(otf).otf */; };
		38AFC4392CBD9EE300D9414E /* EF_Rainyday-B(otf).otf in Resources */ = {isa = PBXBuildFile; fileRef = 38AFC4362CBD9EE300D9414E /* EF_Rainyday-B(otf).otf */; };
		38AFC43A2CBD9EE300D9414E /* EF_Rainyday-R(otf).otf in Resources */ = {isa = PBXBuildFile; fileRef = 38AFC4372CBD9EE300D9414E /* EF_Rainyday-R(otf).otf */; };
		38AFC43D2CBDA32300D9414E /* Color.swift in Sources */ = {isa = PBXBuildFile; fileRef = 38AFC43C2CBDA32300D9414E /* Color.swift */; };
		38AFC4402CC6E1A700D9414E /* StateView.swift in Sources */ = {isa = PBXBuildFile; fileRef = 38AFC43F2CC6E1A700D9414E /* StateView.swift */; };
		6A4B078D2CC7650E00C044CA /* Mainfirst.gif in Resources */ = {isa = PBXBuildFile; fileRef = 6A4B078C2CC7650E00C044CA /* Mainfirst.gif */; };
		6A4B07902CC765B700C044CA /* SDWebImageSwiftUI in Frameworks */ = {isa = PBXBuildFile; productRef = 6A4B078F2CC765B700C044CA /* SDWebImageSwiftUI */; };
		6A4B07942CC76A9000C044CA /* Mainsecond.gif in Resources */ = {isa = PBXBuildFile; fileRef = 6A4B07932CC76A9000C044CA /* Mainsecond.gif */; };
		6AA0C2072CC22CC40098EF87 /* MedicalcardView.swift in Sources */ = {isa = PBXBuildFile; fileRef = 6AA0C2062CC22CC40098EF87 /* MedicalcardView.swift */; };
		A15706202CC0E6DD00115165 /* MainViewProf.swift in Sources */ = {isa = PBXBuildFile; fileRef = A157061F2CC0E6CB00115165 /* MainViewProf.swift */; };
		A15706222CC0F80C00115165 /* searchBarView.swift in Sources */ = {isa = PBXBuildFile; fileRef = A15706212CC0F80000115165 /* searchBarView.swift */; };
		A1D773292CC8BB4200E91365 /* walkingdog.gif in Resources */ = {isa = PBXBuildFile; fileRef = A1D773282CC8BB4200E91365 /* walkingdog.gif */; };
		A1F31D832CBE543B00227EFE /* EncylopediaView2.swift in Sources */ = {isa = PBXBuildFile; fileRef = A1F31D822CBE543100227EFE /* EncylopediaView2.swift */; };
/* End PBXBuildFile section */

/* Begin PBXFileReference section */
		382262E52CC7F42C0028C6C1 /* BottomButtonView.swift */ = {isa = PBXFileReference; lastKnownFileType = sourcecode.swift; path = BottomButtonView.swift; sourceTree = "<group>"; };
		382262E72CC7FD0B0028C6C1 /* CheckupMotion.gif */ = {isa = PBXFileReference; lastKnownFileType = image.gif; path = CheckupMotion.gif; sourceTree = "<group>"; };
		382262E82CC7FD0B0028C6C1 /* HospitalMotion.gif */ = {isa = PBXFileReference; lastKnownFileType = image.gif; path = HospitalMotion.gif; sourceTree = "<group>"; };
		382262EB2CC80E080028C6C1 /* MainMotion2.gif */ = {isa = PBXFileReference; lastKnownFileType = image.gif; path = MainMotion2.gif; sourceTree = "<group>"; };
		382262EC2CC80E080028C6C1 /* MainMotion1.gif */ = {isa = PBXFileReference; lastKnownFileType = image.gif; path = MainMotion1.gif; sourceTree = "<group>"; };
		382262F02CC818740028C6C1 /* PromiseView.swift */ = {isa = PBXFileReference; lastKnownFileType = sourcecode.swift; path = PromiseView.swift; sourceTree = "<group>"; };
		382262F22CC823870028C6C1 /* Function.swift */ = {isa = PBXFileReference; lastKnownFileType = sourcecode.swift; path = Function.swift; sourceTree = "<group>"; };
		382262F42CC833600028C6C1 /* AnimatedGifView.swift */ = {isa = PBXFileReference; lastKnownFileType = sourcecode.swift; path = AnimatedGifView.swift; sourceTree = "<group>"; };
		382262F62CC837ED0028C6C1 /* FoodMotion.gif */ = {isa = PBXFileReference; lastKnownFileType = image.gif; path = FoodMotion.gif; sourceTree = "<group>"; };
		382262F82CC84D850028C6C1 /* EndingPopupView.swift */ = {isa = PBXFileReference; lastKnownFileType = sourcecode.swift; path = EndingPopupView.swift; sourceTree = "<group>"; };
		382262FA2CC8E59E0028C6C1 /* WalkMotion.gif */ = {isa = PBXFileReference; lastKnownFileType = image.gif; path = WalkMotion.gif; sourceTree = "<group>"; };
		382262FC2CC9911C0028C6C1 /* IdentityCardView.swift */ = {isa = PBXFileReference; lastKnownFileType = sourcecode.swift; path = IdentityCardView.swift; sourceTree = "<group>"; };
		382262FE2CC999C00028C6C1 /* MedicalCardView.swift */ = {isa = PBXFileReference; lastKnownFileType = sourcecode.swift; path = MedicalCardView.swift; sourceTree = "<group>"; };
		38AFC4102CBD0C0700D9414E /* DaengDaengWeek.app */ = {isa = PBXFileReference; explicitFileType = wrapper.application; includeInIndex = 0; path = DaengDaengWeek.app; sourceTree = BUILT_PRODUCTS_DIR; };
		38AFC4132CBD0C0700D9414E /* DaengDaengWeekApp.swift */ = {isa = PBXFileReference; lastKnownFileType = sourcecode.swift; path = DaengDaengWeekApp.swift; sourceTree = "<group>"; };
		38AFC4152CBD0C0700D9414E /* ContentView.swift */ = {isa = PBXFileReference; lastKnownFileType = sourcecode.swift; path = ContentView.swift; sourceTree = "<group>"; };
		38AFC4172CBD0C0800D9414E /* Assets.xcassets */ = {isa = PBXFileReference; lastKnownFileType = folder.assetcatalog; path = Assets.xcassets; sourceTree = "<group>"; };
		38AFC41A2CBD0C0800D9414E /* Preview Assets.xcassets */ = {isa = PBXFileReference; lastKnownFileType = folder.assetcatalog; path = "Preview Assets.xcassets"; sourceTree = "<group>"; };
		38AFC4232CBD98E500D9414E /* StartView.swift */ = {isa = PBXFileReference; lastKnownFileType = sourcecode.swift; path = StartView.swift; sourceTree = "<group>"; };
		38AFC4262CBD9C3F00D9414E /* Font.swift */ = {isa = PBXFileReference; lastKnownFileType = sourcecode.swift; path = Font.swift; sourceTree = "<group>"; };
		38AFC4282CBD9CF500D9414E /* SettingView.swift */ = {isa = PBXFileReference; lastKnownFileType = sourcecode.swift; path = SettingView.swift; sourceTree = "<group>"; };
		38AFC42A2CBD9D0200D9414E /* MainView.swift */ = {isa = PBXFileReference; lastKnownFileType = sourcecode.swift; path = MainView.swift; sourceTree = "<group>"; };
		38AFC42C2CBD9D0D00D9414E /* WalkView.swift */ = {isa = PBXFileReference; lastKnownFileType = sourcecode.swift; path = WalkView.swift; sourceTree = "<group>"; };
		38AFC42E2CBD9D1500D9414E /* HospitalView.swift */ = {isa = PBXFileReference; lastKnownFileType = sourcecode.swift; path = HospitalView.swift; sourceTree = "<group>"; };
		38AFC4302CBD9D1E00D9414E /* EndingView.swift */ = {isa = PBXFileReference; lastKnownFileType = sourcecode.swift; path = EndingView.swift; sourceTree = "<group>"; };
		38AFC4352CBD9EE300D9414E /* EF_Rainyday-L(otf).otf */ = {isa = PBXFileReference; lastKnownFileType = file; path = "EF_Rainyday-L(otf).otf"; sourceTree = "<group>"; };
		38AFC4362CBD9EE300D9414E /* EF_Rainyday-B(otf).otf */ = {isa = PBXFileReference; lastKnownFileType = file; path = "EF_Rainyday-B(otf).otf"; sourceTree = "<group>"; };
		38AFC4372CBD9EE300D9414E /* EF_Rainyday-R(otf).otf */ = {isa = PBXFileReference; lastKnownFileType = file; path = "EF_Rainyday-R(otf).otf"; sourceTree = "<group>"; };
		38AFC43B2CBDA08100D9414E /* Info.plist */ = {isa = PBXFileReference; lastKnownFileType = text.plist; path = Info.plist; sourceTree = "<group>"; };
		38AFC43C2CBDA32300D9414E /* Color.swift */ = {isa = PBXFileReference; lastKnownFileType = sourcecode.swift; path = Color.swift; sourceTree = "<group>"; };
		38AFC43F2CC6E1A700D9414E /* StateView.swift */ = {isa = PBXFileReference; lastKnownFileType = sourcecode.swift; path = StateView.swift; sourceTree = "<group>"; };
		6A4B078C2CC7650E00C044CA /* Mainfirst.gif */ = {isa = PBXFileReference; lastKnownFileType = image.gif; path = Mainfirst.gif; sourceTree = "<group>"; };
		6A4B07932CC76A9000C044CA /* Mainsecond.gif */ = {isa = PBXFileReference; lastKnownFileType = image.gif; path = Mainsecond.gif; sourceTree = "<group>"; };
		6AA0C2062CC22CC40098EF87 /* MedicalcardView.swift */ = {isa = PBXFileReference; lastKnownFileType = sourcecode.swift; path = MedicalcardView.swift; sourceTree = "<group>"; };
		A157061F2CC0E6CB00115165 /* MainViewProf.swift */ = {isa = PBXFileReference; lastKnownFileType = sourcecode.swift; path = MainViewProf.swift; sourceTree = "<group>"; };
		A15706212CC0F80000115165 /* searchBarView.swift */ = {isa = PBXFileReference; lastKnownFileType = sourcecode.swift; path = searchBarView.swift; sourceTree = "<group>"; };
		A1D773282CC8BB4200E91365 /* walkingdog.gif */ = {isa = PBXFileReference; lastKnownFileType = image.gif; path = walkingdog.gif; sourceTree = "<group>"; };
		A1F31D822CBE543100227EFE /* EncylopediaView2.swift */ = {isa = PBXFileReference; lastKnownFileType = sourcecode.swift; path = EncylopediaView2.swift; sourceTree = "<group>"; };
/* End PBXFileReference section */

/* Begin PBXFrameworksBuildPhase section */
		38AFC40D2CBD0C0700D9414E /* Frameworks */ = {
			isa = PBXFrameworksBuildPhase;
			buildActionMask = 2147483647;
			files = (
				6A4B07902CC765B700C044CA /* SDWebImageSwiftUI in Frameworks */,
			);
			runOnlyForDeploymentPostprocessing = 0;
		};
/* End PBXFrameworksBuildPhase section */

/* Begin PBXGroup section */
		382262EF2CC8118C0028C6C1 /* MotionGifs */ = {
			isa = PBXGroup;
			children = (
				382262FA2CC8E59E0028C6C1 /* WalkMotion.gif */,
				A1D773282CC8BB4200E91365 /* walkingdog.gif */,
				6A4B078C2CC7650E00C044CA /* Mainfirst.gif */,
				6A4B07932CC76A9000C044CA /* Mainsecond.gif */,
				382262EC2CC80E080028C6C1 /* MainMotion1.gif */,
				382262EB2CC80E080028C6C1 /* MainMotion2.gif */,
				382262F62CC837ED0028C6C1 /* FoodMotion.gif */,
				382262E72CC7FD0B0028C6C1 /* CheckupMotion.gif */,
				382262E82CC7FD0B0028C6C1 /* HospitalMotion.gif */,
			);
			path = MotionGifs;
			sourceTree = "<group>";
		};
		38AFC4072CBD0C0700D9414E = {
			isa = PBXGroup;
			children = (
				38AFC4122CBD0C0700D9414E /* DaengDaengWeek */,
				38AFC4112CBD0C0700D9414E /* Products */,
			);
			sourceTree = "<group>";
		};
		38AFC4112CBD0C0700D9414E /* Products */ = {
			isa = PBXGroup;
			children = (
				38AFC4102CBD0C0700D9414E /* DaengDaengWeek.app */,
			);
			name = Products;
			sourceTree = "<group>";
		};
		38AFC4122CBD0C0700D9414E /* DaengDaengWeek */ = {
			isa = PBXGroup;
			children = (
				38AFC43B2CBDA08100D9414E /* Info.plist */,
				38AFC4222CBD0F3600D9414E /* App */,
				38AFC43E2CC6ACF100D9414E /* CustomView */,
				38AFC4212CBD0F2C00D9414E /* Scenes */,
				38AFC4252CBD9C2C00D9414E /* Extension */,
				38AFC4322CBD9E1100D9414E /* Resource */,
				38AFC4172CBD0C0800D9414E /* Assets.xcassets */,
				38AFC4152CBD0C0700D9414E /* ContentView.swift */,
				38AFC4192CBD0C0800D9414E /* Preview Content */,
			);
			path = DaengDaengWeek;
			sourceTree = "<group>";
		};
		38AFC4192CBD0C0800D9414E /* Preview Content */ = {
			isa = PBXGroup;
			children = (
				38AFC41A2CBD0C0800D9414E /* Preview Assets.xcassets */,
			);
			path = "Preview Content";
			sourceTree = "<group>";
		};
		38AFC4212CBD0F2C00D9414E /* Scenes */ = {
			isa = PBXGroup;
			children = (
				38AFC4232CBD98E500D9414E /* StartView.swift */,
				382262F02CC818740028C6C1 /* PromiseView.swift */,
				38AFC4282CBD9CF500D9414E /* SettingView.swift */,
				38AFC42A2CBD9D0200D9414E /* MainView.swift */,
				A157061F2CC0E6CB00115165 /* MainViewProf.swift */,
				A1F31D822CBE543100227EFE /* EncylopediaView2.swift */,
				A15706212CC0F80000115165 /* searchBarView.swift */,
				38AFC42C2CBD9D0D00D9414E /* WalkView.swift */,
				38AFC42E2CBD9D1500D9414E /* HospitalView.swift */,
				6AA0C2062CC22CC40098EF87 /* MedicalcardView.swift */,
				38AFC4302CBD9D1E00D9414E /* EndingView.swift */,
			);
			path = Scenes;
			sourceTree = "<group>";
		};
		38AFC4222CBD0F3600D9414E /* App */ = {
			isa = PBXGroup;
			children = (
				38AFC4132CBD0C0700D9414E /* DaengDaengWeekApp.swift */,
			);
			path = App;
			sourceTree = "<group>";
		};
		38AFC4252CBD9C2C00D9414E /* Extension */ = {
			isa = PBXGroup;
			children = (
				38AFC4262CBD9C3F00D9414E /* Font.swift */,
				38AFC43C2CBDA32300D9414E /* Color.swift */,
				382262F22CC823870028C6C1 /* Function.swift */,
			);
			path = Extension;
			sourceTree = "<group>";
		};
		38AFC4322CBD9E1100D9414E /* Resource */ = {
			isa = PBXGroup;
			children = (
				382262EF2CC8118C0028C6C1 /* MotionGifs */,
				38AFC4332CBD9E6E00D9414E /* Fonts */,
			);
			path = Resource;
			sourceTree = "<group>";
		};
		38AFC4332CBD9E6E00D9414E /* Fonts */ = {
			isa = PBXGroup;
			children = (
				38AFC4342CBD9E7B00D9414E /* Rainyday */,
			);
			path = Fonts;
			sourceTree = "<group>";
		};
		38AFC4342CBD9E7B00D9414E /* Rainyday */ = {
			isa = PBXGroup;
			children = (
				38AFC4362CBD9EE300D9414E /* EF_Rainyday-B(otf).otf */,
				38AFC4352CBD9EE300D9414E /* EF_Rainyday-L(otf).otf */,
				38AFC4372CBD9EE300D9414E /* EF_Rainyday-R(otf).otf */,
			);
			path = Rainyday;
			sourceTree = "<group>";
		};
		38AFC43E2CC6ACF100D9414E /* CustomView */ = {
			isa = PBXGroup;
			children = (
				38AFC43F2CC6E1A700D9414E /* StateView.swift */,
				382262E52CC7F42C0028C6C1 /* BottomButtonView.swift */,
				382262F42CC833600028C6C1 /* AnimatedGifView.swift */,
				382262F82CC84D850028C6C1 /* EndingPopupView.swift */,
				382262FC2CC9911C0028C6C1 /* IdentityCardView.swift */,
				382262FE2CC999C00028C6C1 /* MedicalCardView.swift */,
			);
			path = CustomView;
			sourceTree = "<group>";
		};
/* End PBXGroup section */

/* Begin PBXNativeTarget section */
		38AFC40F2CBD0C0700D9414E /* DaengDaengWeek */ = {
			isa = PBXNativeTarget;
			buildConfigurationList = 38AFC41E2CBD0C0800D9414E /* Build configuration list for PBXNativeTarget "DaengDaengWeek" */;
			buildPhases = (
				38AFC40C2CBD0C0700D9414E /* Sources */,
				38AFC40D2CBD0C0700D9414E /* Frameworks */,
				38AFC40E2CBD0C0700D9414E /* Resources */,
			);
			buildRules = (
			);
			dependencies = (
			);
			name = DaengDaengWeek;
			productName = DaengDaengWeek;
			productReference = 38AFC4102CBD0C0700D9414E /* DaengDaengWeek.app */;
			productType = "com.apple.product-type.application";
		};
/* End PBXNativeTarget section */

/* Begin PBXProject section */
		38AFC4082CBD0C0700D9414E /* Project object */ = {
			isa = PBXProject;
			attributes = {
				BuildIndependentTargetsInParallel = 1;
				LastSwiftUpdateCheck = 1530;
				LastUpgradeCheck = 1530;
				TargetAttributes = {
					38AFC40F2CBD0C0700D9414E = {
						CreatedOnToolsVersion = 15.3;
					};
				};
			};
			buildConfigurationList = 38AFC40B2CBD0C0700D9414E /* Build configuration list for PBXProject "DaengDaengWeek" */;
			compatibilityVersion = "Xcode 14.0";
			developmentRegion = en;
			hasScannedForEncodings = 0;
			knownRegions = (
				en,
				Base,
			);
			mainGroup = 38AFC4072CBD0C0700D9414E;
			packageReferences = (
				6A6B50912CC68DF400ADBEE6 /* XCRemoteSwiftPackageReference "lottie-ios" */,
				6A4B078E2CC765B700C044CA /* XCRemoteSwiftPackageReference "SDWebImageSwiftUI" */,
			);
			productRefGroup = 38AFC4112CBD0C0700D9414E /* Products */;
			projectDirPath = "";
			projectRoot = "";
			targets = (
				38AFC40F2CBD0C0700D9414E /* DaengDaengWeek */,
			);
		};
/* End PBXProject section */

/* Begin PBXResourcesBuildPhase section */
		38AFC40E2CBD0C0700D9414E /* Resources */ = {
			isa = PBXResourcesBuildPhase;
			buildActionMask = 2147483647;
			files = (
				382262EA2CC7FD0B0028C6C1 /* HospitalMotion.gif in Resources */,
				38AFC41B2CBD0C0800D9414E /* Preview Assets.xcassets in Resources */,
				A1D773292CC8BB4200E91365 /* walkingdog.gif in Resources */,
				38AFC43A2CBD9EE300D9414E /* EF_Rainyday-R(otf).otf in Resources */,
				38AFC4392CBD9EE300D9414E /* EF_Rainyday-B(otf).otf in Resources */,
				382262F72CC837ED0028C6C1 /* FoodMotion.gif in Resources */,
				382262ED2CC80E080028C6C1 /* MainMotion2.gif in Resources */,
				38AFC4382CBD9EE300D9414E /* EF_Rainyday-L(otf).otf in Resources */,
				6A4B07942CC76A9000C044CA /* Mainsecond.gif in Resources */,
				6A4B078D2CC7650E00C044CA /* Mainfirst.gif in Resources */,
				382262E92CC7FD0B0028C6C1 /* CheckupMotion.gif in Resources */,
				382262FB2CC8E59E0028C6C1 /* WalkMotion.gif in Resources */,
				38AFC4182CBD0C0800D9414E /* Assets.xcassets in Resources */,
				382262EE2CC80E080028C6C1 /* MainMotion1.gif in Resources */,
			);
			runOnlyForDeploymentPostprocessing = 0;
		};
/* End PBXResourcesBuildPhase section */

/* Begin PBXSourcesBuildPhase section */
		38AFC40C2CBD0C0700D9414E /* Sources */ = {
			isa = PBXSourcesBuildPhase;
			buildActionMask = 2147483647;
			files = (
				382262FF2CC999C00028C6C1 /* MedicalCardView.swift in Sources */,
				A15706202CC0E6DD00115165 /* MainViewProf.swift in Sources */,
				38AFC4272CBD9C3F00D9414E /* Font.swift in Sources */,
				38AFC42B2CBD9D0200D9414E /* MainView.swift in Sources */,
				38AFC4292CBD9CF500D9414E /* SettingView.swift in Sources */,
				A1F31D832CBE543B00227EFE /* EncylopediaView2.swift in Sources */,
				382262F12CC818740028C6C1 /* PromiseView.swift in Sources */,
				382262FD2CC9911C0028C6C1 /* IdentityCardView.swift in Sources */,
				38AFC43D2CBDA32300D9414E /* Color.swift in Sources */,
				38AFC4242CBD98E500D9414E /* StartView.swift in Sources */,
				382262F92CC84D850028C6C1 /* EndingPopupView.swift in Sources */,
				38AFC42F2CBD9D1500D9414E /* HospitalView.swift in Sources */,
				382262F32CC823870028C6C1 /* Function.swift in Sources */,
				382262F52CC833600028C6C1 /* AnimatedGifView.swift in Sources */,
				6AA0C2072CC22CC40098EF87 /* MedicalcardView.swift in Sources */,
				38AFC4312CBD9D1E00D9414E /* EndingView.swift in Sources */,
				A15706222CC0F80C00115165 /* searchBarView.swift in Sources */,
				38AFC4162CBD0C0700D9414E /* ContentView.swift in Sources */,
				38AFC4402CC6E1A700D9414E /* StateView.swift in Sources */,
				382262E62CC7F42C0028C6C1 /* BottomButtonView.swift in Sources */,
				38AFC42D2CBD9D0D00D9414E /* WalkView.swift in Sources */,
				38AFC4142CBD0C0700D9414E /* DaengDaengWeekApp.swift in Sources */,
			);
			runOnlyForDeploymentPostprocessing = 0;
		};
/* End PBXSourcesBuildPhase section */

/* Begin XCBuildConfiguration section */
		38AFC41C2CBD0C0800D9414E /* Debug */ = {
			isa = XCBuildConfiguration;
			buildSettings = {
				ALWAYS_SEARCH_USER_PATHS = NO;
				ASSETCATALOG_COMPILER_GENERATE_SWIFT_ASSET_SYMBOL_EXTENSIONS = YES;
				CLANG_ANALYZER_NONNULL = YES;
				CLANG_ANALYZER_NUMBER_OBJECT_CONVERSION = YES_AGGRESSIVE;
				CLANG_CXX_LANGUAGE_STANDARD = "gnu++20";
				CLANG_ENABLE_MODULES = YES;
				CLANG_ENABLE_OBJC_ARC = YES;
				CLANG_ENABLE_OBJC_WEAK = YES;
				CLANG_WARN_BLOCK_CAPTURE_AUTORELEASING = YES;
				CLANG_WARN_BOOL_CONVERSION = YES;
				CLANG_WARN_COMMA = YES;
				CLANG_WARN_CONSTANT_CONVERSION = YES;
				CLANG_WARN_DEPRECATED_OBJC_IMPLEMENTATIONS = YES;
				CLANG_WARN_DIRECT_OBJC_ISA_USAGE = YES_ERROR;
				CLANG_WARN_DOCUMENTATION_COMMENTS = YES;
				CLANG_WARN_EMPTY_BODY = YES;
				CLANG_WARN_ENUM_CONVERSION = YES;
				CLANG_WARN_INFINITE_RECURSION = YES;
				CLANG_WARN_INT_CONVERSION = YES;
				CLANG_WARN_NON_LITERAL_NULL_CONVERSION = YES;
				CLANG_WARN_OBJC_IMPLICIT_RETAIN_SELF = YES;
				CLANG_WARN_OBJC_LITERAL_CONVERSION = YES;
				CLANG_WARN_OBJC_ROOT_CLASS = YES_ERROR;
				CLANG_WARN_QUOTED_INCLUDE_IN_FRAMEWORK_HEADER = YES;
				CLANG_WARN_RANGE_LOOP_ANALYSIS = YES;
				CLANG_WARN_STRICT_PROTOTYPES = YES;
				CLANG_WARN_SUSPICIOUS_MOVE = YES;
				CLANG_WARN_UNGUARDED_AVAILABILITY = YES_AGGRESSIVE;
				CLANG_WARN_UNREACHABLE_CODE = YES;
				CLANG_WARN__DUPLICATE_METHOD_MATCH = YES;
				COPY_PHASE_STRIP = NO;
				DEBUG_INFORMATION_FORMAT = dwarf;
				ENABLE_STRICT_OBJC_MSGSEND = YES;
				ENABLE_TESTABILITY = YES;
				ENABLE_USER_SCRIPT_SANDBOXING = YES;
				GCC_C_LANGUAGE_STANDARD = gnu17;
				GCC_DYNAMIC_NO_PIC = NO;
				GCC_NO_COMMON_BLOCKS = YES;
				GCC_OPTIMIZATION_LEVEL = 0;
				GCC_PREPROCESSOR_DEFINITIONS = (
					"DEBUG=1",
					"$(inherited)",
				);
				GCC_WARN_64_TO_32_BIT_CONVERSION = YES;
				GCC_WARN_ABOUT_RETURN_TYPE = YES_ERROR;
				GCC_WARN_UNDECLARED_SELECTOR = YES;
				GCC_WARN_UNINITIALIZED_AUTOS = YES_AGGRESSIVE;
				GCC_WARN_UNUSED_FUNCTION = YES;
				GCC_WARN_UNUSED_VARIABLE = YES;
				INFOPLIST_KEY_CFBundleDisplayName = "댕댕위크";
				IPHONEOS_DEPLOYMENT_TARGET = 17.4;
				LOCALIZATION_PREFERS_STRING_CATALOGS = YES;
				MTL_ENABLE_DEBUG_INFO = INCLUDE_SOURCE;
				MTL_FAST_MATH = YES;
				ONLY_ACTIVE_ARCH = YES;
				SDKROOT = iphoneos;
				SWIFT_ACTIVE_COMPILATION_CONDITIONS = "DEBUG $(inherited)";
				SWIFT_OPTIMIZATION_LEVEL = "-Onone";
			};
			name = Debug;
		};
		38AFC41D2CBD0C0800D9414E /* Release */ = {
			isa = XCBuildConfiguration;
			buildSettings = {
				ALWAYS_SEARCH_USER_PATHS = NO;
				ASSETCATALOG_COMPILER_GENERATE_SWIFT_ASSET_SYMBOL_EXTENSIONS = YES;
				CLANG_ANALYZER_NONNULL = YES;
				CLANG_ANALYZER_NUMBER_OBJECT_CONVERSION = YES_AGGRESSIVE;
				CLANG_CXX_LANGUAGE_STANDARD = "gnu++20";
				CLANG_ENABLE_MODULES = YES;
				CLANG_ENABLE_OBJC_ARC = YES;
				CLANG_ENABLE_OBJC_WEAK = YES;
				CLANG_WARN_BLOCK_CAPTURE_AUTORELEASING = YES;
				CLANG_WARN_BOOL_CONVERSION = YES;
				CLANG_WARN_COMMA = YES;
				CLANG_WARN_CONSTANT_CONVERSION = YES;
				CLANG_WARN_DEPRECATED_OBJC_IMPLEMENTATIONS = YES;
				CLANG_WARN_DIRECT_OBJC_ISA_USAGE = YES_ERROR;
				CLANG_WARN_DOCUMENTATION_COMMENTS = YES;
				CLANG_WARN_EMPTY_BODY = YES;
				CLANG_WARN_ENUM_CONVERSION = YES;
				CLANG_WARN_INFINITE_RECURSION = YES;
				CLANG_WARN_INT_CONVERSION = YES;
				CLANG_WARN_NON_LITERAL_NULL_CONVERSION = YES;
				CLANG_WARN_OBJC_IMPLICIT_RETAIN_SELF = YES;
				CLANG_WARN_OBJC_LITERAL_CONVERSION = YES;
				CLANG_WARN_OBJC_ROOT_CLASS = YES_ERROR;
				CLANG_WARN_QUOTED_INCLUDE_IN_FRAMEWORK_HEADER = YES;
				CLANG_WARN_RANGE_LOOP_ANALYSIS = YES;
				CLANG_WARN_STRICT_PROTOTYPES = YES;
				CLANG_WARN_SUSPICIOUS_MOVE = YES;
				CLANG_WARN_UNGUARDED_AVAILABILITY = YES_AGGRESSIVE;
				CLANG_WARN_UNREACHABLE_CODE = YES;
				CLANG_WARN__DUPLICATE_METHOD_MATCH = YES;
				COPY_PHASE_STRIP = NO;
				DEBUG_INFORMATION_FORMAT = "dwarf-with-dsym";
				ENABLE_NS_ASSERTIONS = NO;
				ENABLE_STRICT_OBJC_MSGSEND = YES;
				ENABLE_USER_SCRIPT_SANDBOXING = YES;
				GCC_C_LANGUAGE_STANDARD = gnu17;
				GCC_NO_COMMON_BLOCKS = YES;
				GCC_WARN_64_TO_32_BIT_CONVERSION = YES;
				GCC_WARN_ABOUT_RETURN_TYPE = YES_ERROR;
				GCC_WARN_UNDECLARED_SELECTOR = YES;
				GCC_WARN_UNINITIALIZED_AUTOS = YES_AGGRESSIVE;
				GCC_WARN_UNUSED_FUNCTION = YES;
				GCC_WARN_UNUSED_VARIABLE = YES;
				INFOPLIST_KEY_CFBundleDisplayName = "댕댕위크";
				IPHONEOS_DEPLOYMENT_TARGET = 17.4;
				LOCALIZATION_PREFERS_STRING_CATALOGS = YES;
				MTL_ENABLE_DEBUG_INFO = NO;
				MTL_FAST_MATH = YES;
				SDKROOT = iphoneos;
				SWIFT_COMPILATION_MODE = wholemodule;
				VALIDATE_PRODUCT = YES;
			};
			name = Release;
		};
		38AFC41F2CBD0C0800D9414E /* Debug */ = {
			isa = XCBuildConfiguration;
			buildSettings = {
				ASSETCATALOG_COMPILER_APPICON_NAME = AppIcon;
				ASSETCATALOG_COMPILER_GLOBAL_ACCENT_COLOR_NAME = AccentColor;
				CODE_SIGN_STYLE = Automatic;
				CURRENT_PROJECT_VERSION = 1;
				DEVELOPMENT_ASSET_PATHS = "\"DaengDaengWeek/Preview Content\"";
				DEVELOPMENT_TEAM = RW3T7BP2JK;
				ENABLE_PREVIEWS = YES;
				GENERATE_INFOPLIST_FILE = YES;
				INFOPLIST_FILE = DaengDaengWeek/Info.plist;
				INFOPLIST_KEY_CFBundleDisplayName = "댕댕위크";
				INFOPLIST_KEY_NSHealthShareUsageDescription = "이 앱은 걸음 수와 운동 시간을 추적하기 위해 건강 데이터에 접근해야 합니다.";
				INFOPLIST_KEY_NSHealthUpdateUsageDescription = "이 앱은 운동 정보를 통해 건강 데이터를 업데이트합니다.";
				INFOPLIST_KEY_UIApplicationSceneManifest_Generation = YES;
				INFOPLIST_KEY_UIApplicationSupportsIndirectInputEvents = YES;
				INFOPLIST_KEY_UILaunchScreen_Generation = YES;
				INFOPLIST_KEY_UISupportedInterfaceOrientations_iPad = "UIInterfaceOrientationPortrait UIInterfaceOrientationPortraitUpsideDown UIInterfaceOrientationLandscapeLeft UIInterfaceOrientationLandscapeRight";
				INFOPLIST_KEY_UISupportedInterfaceOrientations_iPhone = "UIInterfaceOrientationPortrait UIInterfaceOrientationLandscapeLeft UIInterfaceOrientationLandscapeRight";
				LD_RUNPATH_SEARCH_PATHS = (
					"$(inherited)",
					"@executable_path/Frameworks",
				);
				MARKETING_VERSION = 1.0;
				PRODUCT_BUNDLE_IDENTIFIER = com.foundation.DaengDaengWeek23;
				PRODUCT_NAME = "$(TARGET_NAME)";
				SWIFT_EMIT_LOC_STRINGS = YES;
				SWIFT_VERSION = 5.0;
				TARGETED_DEVICE_FAMILY = "1,2";
			};
			name = Debug;
		};
		38AFC4202CBD0C0800D9414E /* Release */ = {
			isa = XCBuildConfiguration;
			buildSettings = {
				ASSETCATALOG_COMPILER_APPICON_NAME = AppIcon;
				ASSETCATALOG_COMPILER_GLOBAL_ACCENT_COLOR_NAME = AccentColor;
				CODE_SIGN_STYLE = Automatic;
				CURRENT_PROJECT_VERSION = 1;
				DEVELOPMENT_ASSET_PATHS = "\"DaengDaengWeek/Preview Content\"";
				DEVELOPMENT_TEAM = RW3T7BP2JK;
				ENABLE_PREVIEWS = YES;
				GENERATE_INFOPLIST_FILE = YES;
				INFOPLIST_FILE = DaengDaengWeek/Info.plist;
				INFOPLIST_KEY_CFBundleDisplayName = "댕댕위크";
				INFOPLIST_KEY_NSHealthShareUsageDescription = "이 앱은 걸음 수와 운동 시간을 추적하기 위해 건강 데이터에 접근해야 합니다.";
				INFOPLIST_KEY_NSHealthUpdateUsageDescription = "이 앱은 운동 정보를 통해 건강 데이터를 업데이트합니다.";
				INFOPLIST_KEY_UIApplicationSceneManifest_Generation = YES;
				INFOPLIST_KEY_UIApplicationSupportsIndirectInputEvents = YES;
				INFOPLIST_KEY_UILaunchScreen_Generation = YES;
				INFOPLIST_KEY_UISupportedInterfaceOrientations_iPad = "UIInterfaceOrientationPortrait UIInterfaceOrientationPortraitUpsideDown UIInterfaceOrientationLandscapeLeft UIInterfaceOrientationLandscapeRight";
				INFOPLIST_KEY_UISupportedInterfaceOrientations_iPhone = "UIInterfaceOrientationPortrait UIInterfaceOrientationLandscapeLeft UIInterfaceOrientationLandscapeRight";
				LD_RUNPATH_SEARCH_PATHS = (
					"$(inherited)",
					"@executable_path/Frameworks",
				);
				MARKETING_VERSION = 1.0;
				PRODUCT_BUNDLE_IDENTIFIER = com.foundation.DaengDaengWeek23;
				PRODUCT_NAME = "$(TARGET_NAME)";
				SWIFT_EMIT_LOC_STRINGS = YES;
				SWIFT_VERSION = 5.0;
				TARGETED_DEVICE_FAMILY = "1,2";
			};
			name = Release;
		};
/* End XCBuildConfiguration section */

/* Begin XCConfigurationList section */
		38AFC40B2CBD0C0700D9414E /* Build configuration list for PBXProject "DaengDaengWeek" */ = {
			isa = XCConfigurationList;
			buildConfigurations = (
				38AFC41C2CBD0C0800D9414E /* Debug */,
				38AFC41D2CBD0C0800D9414E /* Release */,
			);
			defaultConfigurationIsVisible = 0;
			defaultConfigurationName = Release;
		};
		38AFC41E2CBD0C0800D9414E /* Build configuration list for PBXNativeTarget "DaengDaengWeek" */ = {
			isa = XCConfigurationList;
			buildConfigurations = (
				38AFC41F2CBD0C0800D9414E /* Debug */,
				38AFC4202CBD0C0800D9414E /* Release */,
			);
			defaultConfigurationIsVisible = 0;
			defaultConfigurationName = Release;
		};
/* End XCConfigurationList section */

/* Begin XCRemoteSwiftPackageReference section */
		6A4B078E2CC765B700C044CA /* XCRemoteSwiftPackageReference "SDWebImageSwiftUI" */ = {
			isa = XCRemoteSwiftPackageReference;
			repositoryURL = "https://github.com/SDWebImage/SDWebImageSwiftUI.git";
			requirement = {
				kind = upToNextMajorVersion;
				minimumVersion = 3.1.2;
			};
		};
		6A6B50912CC68DF400ADBEE6 /* XCRemoteSwiftPackageReference "lottie-ios" */ = {
			isa = XCRemoteSwiftPackageReference;
			repositoryURL = "https://github.com/airbnb/lottie-ios";
			requirement = {
				kind = upToNextMajorVersion;
				minimumVersion = 4.5.0;
			};
		};
/* End XCRemoteSwiftPackageReference section */

/* Begin XCSwiftPackageProductDependency section */
		6A4B078F2CC765B700C044CA /* SDWebImageSwiftUI */ = {
			isa = XCSwiftPackageProductDependency;
			package = 6A4B078E2CC765B700C044CA /* XCRemoteSwiftPackageReference "SDWebImageSwiftUI" */;
			productName = SDWebImageSwiftUI;
		};
/* End XCSwiftPackageProductDependency section */
	};
	rootObject = 38AFC4082CBD0C0700D9414E /* Project object */;
}
